
Microsoft Visual Studio Solution File, Format Version 12.00
# Visual Studio 15
Project("{FAE04EC0-301F-11D3-BF4B-00C04F79EFBC}") = "Assembly-CSharp-Editor", "Assembly-CSharp-Editor.csproj", "{78318903-2EB3-C3F8-12F3-4C1A4A333C51}"
EndProject
Project("{FAE04EC0-301F-11D3-BF4B-00C04F79EFBC}") = "App.Shared", "App.Shared.csproj", "{952FC7D9-4D83-C477-6BF5-A313CE2A31E5}"
EndProject
Project("{FAE04EC0-301F-11D3-BF4B-00C04F79EFBC}") = "App.AOT", "App.AOT.csproj", "{141A9453-BA89-8ECF-BB4B-389EBB6335DB}"
EndProject
Project("{FAE04EC0-301F-11D3-BF4B-00C04F79EFBC}") = "Assembly-CSharp", "Assembly-CSharp.csproj", "{C617CA49-BE6A-140E-8B33-85DDFCF2DCD3}"
EndProject
Project("{FAE04EC0-301F-11D3-BF4B-00C04F79EFBC}") = "App.HotUpdate", "App.HotUpdate.csproj", "{8E2E252A-72CD-F965-4B6B-52635C73C4C1}"
EndProject
Global
	GlobalSection(SolutionConfigurationPlatforms) = preSolution
		Debug|Any CPU = Debug|Any CPU
		Release|Any CPU = Release|Any CPU
	EndGlobalSection
	GlobalSection(ProjectConfigurationPlatforms) = postSolution
		{78318903-2EB3-C3F8-12F3-4C1A4A333C51}.Debug|Any CPU.ActiveCfg = Debug|Any CPU
		{78318903-2EB3-C3F8-12F3-4C1A4A333C51}.Debug|Any CPU.Build.0 = Debug|Any CPU
		{78318903-2EB3-C3F8-12F3-4C1A4A333C51}.Release|Any CPU.ActiveCfg = Release|Any CPU
		{78318903-2EB3-C3F8-12F3-4C1A4A333C51}.Release|Any CPU.Build.0 = Release|Any CPU
		{952FC7D9-4D83-C477-6BF5-A313CE2A31E5}.Debug|Any CPU.ActiveCfg = Debug|Any CPU
		{952FC7D9-4D83-C477-6BF5-A313CE2A31E5}.Debug|Any CPU.Build.0 = Debug|Any CPU
		{952FC7D9-4D83-C477-6BF5-A313CE2A31E5}.Release|Any CPU.ActiveCfg = Release|Any CPU
		{952FC7D9-4D83-C477-6BF5-A313CE2A31E5}.Release|Any CPU.Build.0 = Release|Any CPU
		{141A9453-BA89-8ECF-BB4B-389EBB6335DB}.Debug|Any CPU.ActiveCfg = Debug|Any CPU
		{141A9453-BA89-8ECF-BB4B-389EBB6335DB}.Debug|Any CPU.Build.0 = Debug|Any CPU
		{141A9453-BA89-8ECF-BB4B-389EBB6335DB}.Release|Any CPU.ActiveCfg = Release|Any CPU
		{141A9453-BA89-8ECF-BB4B-389EBB6335DB}.Release|Any CPU.Build.0 = Release|Any CPU
		{C617CA49-BE6A-140E-8B33-85DDFCF2DCD3}.Debug|Any CPU.ActiveCfg = Debug|Any CPU
		{C617CA49-BE6A-140E-8B33-85DDFCF2DCD3}.Debug|Any CPU.Build.0 = Debug|Any CPU
		{C617CA49-BE6A-140E-8B33-85DDFCF2DCD3}.Release|Any CPU.ActiveCfg = Release|Any CPU
		{C617CA49-BE6A-140E-8B33-85DDFCF2DCD3}.Release|Any CPU.Build.0 = Release|Any CPU
		{8E2E252A-72CD-F965-4B6B-52635C73C4C1}.Debug|Any CPU.ActiveCfg = Debug|Any CPU
		{8E2E252A-72CD-F965-4B6B-52635C73C4C1}.Debug|Any CPU.Build.0 = Debug|Any CPU
		{8E2E252A-72CD-F965-4B6B-52635C73C4C1}.Release|Any CPU.ActiveCfg = Release|Any CPU
		{8E2E252A-72CD-F965-4B6B-52635C73C4C1}.Release|Any CPU.Build.0 = Release|Any CPU
	EndGlobalSection
	GlobalSection(SolutionProperties) = preSolution
		HideSolutionNode = FALSE
	EndGlobalSection
EndGlobal
